
Microsoft Visual Studio Solution File, Format Version 12.00
# Visual Studio Version 17
VisualStudioVersion = 17.2.32630.192
MinimumVisualStudioVersion = 10.0.40219.1
Project("{9A19103F-16F7-4668-BE54-9A1E7A4F7556}") = "clsArrayList", "clsArrayList.csproj", "{1E695008-B98A-453C-A024-CAE9C410A2C4}"
EndProject
Global
	GlobalSection(SolutionConfigurationPlatforms) = preSolution
		Debug|Any CPU = Debug|Any CPU
		Release|Any CPU = Release|Any CPU
	EndGlobalSection
	GlobalSection(ProjectConfigurationPlatforms) = postSolution
		{1E695008-B98A-453C-A024-CAE9C410A2C4}.Debug|Any CPU.ActiveCfg = Debug|Any CPU
		{1E695008-B98A-453C-A024-CAE9C410A2C4}.Debug|Any CPU.Build.0 = Debug|Any CPU
		{1E695008-B98A-453C-A024-CAE9C410A2C4}.Release|Any CPU.ActiveCfg = Release|Any CPU
		{1E695008-B98A-453C-A024-CAE9C410A2C4}.Release|Any CPU.Build.0 = Release|Any CPU
	EndGlobalSection
	GlobalSection(SolutionProperties) = preSolution
		HideSolutionNode = FALSE
	EndGlobalSection
	GlobalSection(ExtensibilityGlobals) = postSolution
		SolutionGuid = {DD215B2B-54A3-4566-A002-8BD57E8795F9}
	EndGlobalSection
EndGlobal
