
Microsoft Visual Studio Solution File, Format Version 12.00
# Visual Studio Version 17
VisualStudioVersion = 17.3.32804.467
MinimumVisualStudioVersion = 10.0.40219.1
Project("{FAE04EC0-301F-11D3-BF4B-00C04F79EFBC}") = "11_ClasesyObjetos", "11_ClasesyObjetos.csproj", "{ECEC9BD6-5562-4B04-8207-8E25889F71EC}"
EndProject
Global
	GlobalSection(SolutionConfigurationPlatforms) = preSolution
		Debug|Any CPU = Debug|Any CPU
		Release|Any CPU = Release|Any CPU
	EndGlobalSection
	GlobalSection(ProjectConfigurationPlatforms) = postSolution
		{ECEC9BD6-5562-4B04-8207-8E25889F71EC}.Debug|Any CPU.ActiveCfg = Debug|Any CPU
		{ECEC9BD6-5562-4B04-8207-8E25889F71EC}.Debug|Any CPU.Build.0 = Debug|Any CPU
		{ECEC9BD6-5562-4B04-8207-8E25889F71EC}.Release|Any CPU.ActiveCfg = Release|Any CPU
		{ECEC9BD6-5562-4B04-8207-8E25889F71EC}.Release|Any CPU.Build.0 = Release|Any CPU
	EndGlobalSection
	GlobalSection(SolutionProperties) = preSolution
		HideSolutionNode = FALSE
	EndGlobalSection
	GlobalSection(ExtensibilityGlobals) = postSolution
		SolutionGuid = {035E1E2C-7E5B-436A-A26F-95F0B9CC6DE8}
	EndGlobalSection
EndGlobal
