
Microsoft Visual Studio Solution File, Format Version 12.00
# Visual Studio Version 17
VisualStudioVersion = 17.2.32630.192
MinimumVisualStudioVersion = 10.0.40219.1
Project("{FAE04EC0-301F-11D3-BF4B-00C04F79EFBC}") = "Modularidad-y-Encapsulamiento", "Modularidad-y-Encapsulamiento.csproj", "{7DA235E2-5698-4754-9211-D52A81664BD7}"
EndProject
Global
	GlobalSection(SolutionConfigurationPlatforms) = preSolution
		Debug|Any CPU = Debug|Any CPU
		Release|Any CPU = Release|Any CPU
	EndGlobalSection
	GlobalSection(ProjectConfigurationPlatforms) = postSolution
		{7DA235E2-5698-4754-9211-D52A81664BD7}.Debug|Any CPU.ActiveCfg = Debug|Any CPU
		{7DA235E2-5698-4754-9211-D52A81664BD7}.Debug|Any CPU.Build.0 = Debug|Any CPU
		{7DA235E2-5698-4754-9211-D52A81664BD7}.Release|Any CPU.ActiveCfg = Release|Any CPU
		{7DA235E2-5698-4754-9211-D52A81664BD7}.Release|Any CPU.Build.0 = Release|Any CPU
	EndGlobalSection
	GlobalSection(SolutionProperties) = preSolution
		HideSolutionNode = FALSE
	EndGlobalSection
	GlobalSection(ExtensibilityGlobals) = postSolution
		SolutionGuid = {AFE63BEF-9EF4-4160-9F82-BB0A93C0EDC6}
	EndGlobalSection
EndGlobal
