
Microsoft Visual Studio Solution File, Format Version 12.00
# Visual Studio Version 17
VisualStudioVersion = 17.2.32630.192
MinimumVisualStudioVersion = 10.0.40219.1
Project("{FAE04EC0-301F-11D3-BF4B-00C04F79EFBC}") = "6_Cadenas-y-Arrays", "6_Cadenas-y-Arrays.csproj", "{DB1C6542-5972-4057-ACE8-1D9D03E52D82}"
EndProject
Project("{2150E333-8FDC-42A3-9474-1A3956D46DE8}") = "Elementos de la solución", "Elementos de la solución", "{CAE7FCD1-4873-409C-AA1C-59C3CC8A9F2D}"
	ProjectSection(SolutionItems) = preProject
		GlobalUsings.cs = GlobalUsings.cs
	EndProjectSection
EndProject
Global
	GlobalSection(SolutionConfigurationPlatforms) = preSolution
		Debug|Any CPU = Debug|Any CPU
		Release|Any CPU = Release|Any CPU
	EndGlobalSection
	GlobalSection(ProjectConfigurationPlatforms) = postSolution
		{DB1C6542-5972-4057-ACE8-1D9D03E52D82}.Debug|Any CPU.ActiveCfg = Debug|Any CPU
		{DB1C6542-5972-4057-ACE8-1D9D03E52D82}.Debug|Any CPU.Build.0 = Debug|Any CPU
		{DB1C6542-5972-4057-ACE8-1D9D03E52D82}.Release|Any CPU.ActiveCfg = Release|Any CPU
		{DB1C6542-5972-4057-ACE8-1D9D03E52D82}.Release|Any CPU.Build.0 = Release|Any CPU
	EndGlobalSection
	GlobalSection(SolutionProperties) = preSolution
		HideSolutionNode = FALSE
	EndGlobalSection
	GlobalSection(ExtensibilityGlobals) = postSolution
		SolutionGuid = {F684D820-5EE5-455E-98A8-249CAA4C0B41}
	EndGlobalSection
EndGlobal
