
Microsoft Visual Studio Solution File, Format Version 12.00
# Visual Studio Version 17
VisualStudioVersion = 17.2.32630.192
MinimumVisualStudioVersion = 10.0.40219.1
Project("{FAE04EC0-301F-11D3-BF4B-00C04F79EFBC}") = "Genericos", "Genericos.csproj", "{3FFCB5F5-A7D6-4C74-BE3B-50191BC52770}"
EndProject
Global
	GlobalSection(SolutionConfigurationPlatforms) = preSolution
		Debug|Any CPU = Debug|Any CPU
		Release|Any CPU = Release|Any CPU
	EndGlobalSection
	GlobalSection(ProjectConfigurationPlatforms) = postSolution
		{3FFCB5F5-A7D6-4C74-BE3B-50191BC52770}.Debug|Any CPU.ActiveCfg = Debug|Any CPU
		{3FFCB5F5-A7D6-4C74-BE3B-50191BC52770}.Debug|Any CPU.Build.0 = Debug|Any CPU
		{3FFCB5F5-A7D6-4C74-BE3B-50191BC52770}.Release|Any CPU.ActiveCfg = Release|Any CPU
		{3FFCB5F5-A7D6-4C74-BE3B-50191BC52770}.Release|Any CPU.Build.0 = Release|Any CPU
	EndGlobalSection
	GlobalSection(SolutionProperties) = preSolution
		HideSolutionNode = FALSE
	EndGlobalSection
	GlobalSection(ExtensibilityGlobals) = postSolution
		SolutionGuid = {FC28D9EF-C11C-47EF-9280-C03A0FFE9F46}
	EndGlobalSection
EndGlobal
